hash: 202109947006f1d4d7d76936e7ca5592ef5ac3c8cf8c92a841d3287b26d4d413
updated: 2015-12-31T10:58:01.9492588-08:00
imports:
- name: github.com/asaskevich/govalidator
  version: 129580890d97de923d9d9aec06cb1aa771812aff
  repo: https://github.com/asaskevich/govalidator
- name: github.com/codegangsta/negroni
  version: c7477ad8e330bef55bf1ebe300cf8aa67c492d1b
- name: github.com/davecgh/go-spew
  version: 5215b55f46b2b919f50a1df0eaa5886afe4e3b3d
  repo: https://github.com/davecgh/go-spew
  subpackages:
  - spew
- name: github.com/go-swagger/scan-repo-boundary
  version: 196ec52cfa1c96b45dd793dfa0fa3f8877b299da
  repo: https://github.com/go-swagger/scan-repo-boundary
  subpackages:
  - makeplans
- name: github.com/golang/protobuf
  version: 68415e7123da32b07eab49c96d2c4d6158360e9b
- name: github.com/gorilla/context
  version: 1c83b3eabd45b6d76072b66b746c20815fb2872d
  repo: https://github.com/gorilla/context
- name: github.com/jessevdk/go-flags
  version: d91b7c5a5ce0b1d99d765ec3fb20ab590e52ddcb
  repo: https://github.com/jessevdk/go-flags
- name: github.com/jtolds/gls
  version: 9a4a02dbe491bef4bab3c24fd9f3087d6c4c6690
  repo: https://github.com/jtolds/gls
- name: github.com/naoina/denco
  version: 9af2ba0e24214bac003821f4a501b131b2e04c75
  repo: https://github.com/naoina/denco
- name: github.com/nu7hatch/gouuid
  version: 179d4d0c4d8d407a32af483c2354df1d2c91e6c3
  repo: https://github.com/nu7hatch/gouuid
- name: github.com/opennota/urlesc
  version: 5fa9ff0392746aeae1c4b37fcc42c65afa7a9587
  repo: https://github.com/opennota/urlesc
- name: github.com/pmezard/go-difflib
  version: e8554b8641db39598be7f6342874b958f12ae1d4
  repo: https://github.com/pmezard/go-difflib
  subpackages:
  - difflib
- name: github.com/PuerkitoBio/purell
  version: d69616f51cdfcd7514d6a380847a152dfc2a749d
  repo: https://github.com/PuerkitoBio/purell
- name: github.com/Sirupsen/logrus
  version: 446d1c146faa8ed3f4218f056fcd165f6bcfda81
  repo: https://github.com/Sirupsen/logrus
- name: github.com/smartystreets/assertions
  version: edb6e295a22c57a2aa353b2f0729b6eff9f9f4b7
  repo: https://github.com/smartystreets/assertions
- name: github.com/smartystreets/goconvey
  version: a2d5d788f3afbce0989463251ccc5492fad832df
  repo: https://github.com/smartystreets/goconvey
- name: github.com/stretchr/objx
  version: 1a9d0bb9f541897e62256577b352fdbc1fb4fd94
  repo: https://github.com/stretchr/objx
- name: github.com/stretchr/testify
  version: e3a8ff8ce36581f87a15341206f205b1da467059
  repo: https://github.com/stretchr/testify
  subpackages:
  - assert
- name: github.com/tylerb/graceful
  version: 48afeb21e2fcbcff0f30bd5ad6b97747b0fae38e
  repo: https://github.com/tylerb/graceful
- name: golang.org/x/crypto
  version: f18420efc3b4f8e9f3d51f6bd2476e92c46260e9
- name: golang.org/x/net
  version: 0cb26f788dd4625d1956c6fd97ffc4c90669d129
  repo: https://go.googlesource.com/net
  subpackages:
  - context
  - netutil
- name: golang.org/x/text
  version: cf4986612c83df6c55578ba198316d1684a9a287
- name: golang.org/x/tools
  version: 2dff1e88eb92a374a989dd38e3402481f498ffa2
  repo: https://go.googlesource.com/tools
  subpackages:
  - go/ast/astutil
  - go/buildutil
  - go/exact
  - go/loader
  - go/types
  - imports
- name: google.golang.org/appengine
  version: 58c0e2a2044a8d1abd8dd1d97939cd74497d0806
  repo: https://google.golang.org/appengine
- name: gopkg.in/airbrake/gobrake.v2
  version: c9d51adc624b5cc4c1bf8de730a09af4878ffe2d
  repo: https://gopkg.in/airbrake/gobrake.v2
- name: gopkg.in/gemnasium/logrus-airbrake-hook.v2
  version: 31e6fd4bd5a98d8ee7673d24bc54ec73c31810dd
  repo: https://gopkg.in/gemnasium/logrus-airbrake-hook.v2
- name: gopkg.in/yaml.v2
  version: f7716cbe52baa25d2e9b0d0da546fcf909fc16b4
  repo: https://gopkg.in/yaml.v2
devImports: []
